
Microsoft Visual Studio Solution File, Format Version 12.00
# Visual Studio Version 17
VisualStudioVersion = 17.1.32319.34
MinimumVisualStudioVersion = 10.0.40219.1
Project("{FAE04EC0-301F-11D3-BF4B-00C04F79EFBC}") = "Exercicio1", "Exercicio1\Exercicio1.csproj", "{A3046563-F283-4DDB-B74E-070AE9D87569}"
EndProject
Global
	GlobalSection(SolutionConfigurationPlatforms) = preSolution
		Debug|Any CPU = Debug|Any CPU
		Release|Any CPU = Release|Any CPU
	EndGlobalSection
	GlobalSection(ProjectConfigurationPlatforms) = postSolution
		{A3046563-F283-4DDB-B74E-070AE9D87569}.Debug|Any CPU.ActiveCfg = Debug|Any CPU
		{A3046563-F283-4DDB-B74E-070AE9D87569}.Debug|Any CPU.Build.0 = Debug|Any CPU
		{A3046563-F283-4DDB-B74E-070AE9D87569}.Release|Any CPU.ActiveCfg = Release|Any CPU
		{A3046563-F283-4DDB-B74E-070AE9D87569}.Release|Any CPU.Build.0 = Release|Any CPU
	EndGlobalSection
	GlobalSection(SolutionProperties) = preSolution
		HideSolutionNode = FALSE
	EndGlobalSection
	GlobalSection(ExtensibilityGlobals) = postSolution
		SolutionGuid = {ABCE26E9-7A09-40D8-952D-558B5D6108BA}
	EndGlobalSection
EndGlobal
